dependencies:
- name: actions-runner-controller
  repository: https://actions-runner-controller.github.io/actions-runner-controller
  version: 0.23.7
- name: cluster-autoscaler
  repository: https://kubernetes.github.io/autoscaler
  version: 9.43.1
digest: sha256:590a8a1eeaa18a72c0618fa86407e5479072b302ba318d1fc53eb42f8e497b7a
generated: "2024-10-23T10:01:13.912487-04:00"
